
Microsoft Visual Studio Solution File, Format Version 11.00
# Visual Studio 2010
Project("{FAE04EC0-301F-11D3-BF4B-00C04F79EFBC}") = "Assembly-CSharp", "Assembly-CSharp.csproj", "{B98D8BE2-F1E3-43B2-4FAC-1B1CAA4C1049}"
EndProject
Project("{FAE04EC0-301F-11D3-BF4B-00C04F79EFBC}") = "Assembly-CSharp-firstpass", "Assembly-CSharp-firstpass.csproj", "{F8CD6123-864F-1C78-3774-B779538266F8}"
EndProject
Project("{FAE04EC0-301F-11D3-BF4B-00C04F79EFBC}") = "Assembly-CSharp-Editor-firstpass", "Assembly-CSharp-Editor-firstpass.csproj", "{0DA7DD69-4507-5398-17AC-45DA223093B2}"
EndProject
Project("{FAE04EC0-301F-11D3-BF4B-00C04F79EFBC}") = "Assembly-CSharp-Editor", "Assembly-CSharp-Editor.csproj", "{18375FC9-7571-F468-2661-03D484B5A563}"
EndProject
Global
	GlobalSection(SolutionConfigurationPlatforms) = preSolution
		Debug|Any CPU = Debug|Any CPU
		Release|Any CPU = Release|Any CPU
	EndGlobalSection
	GlobalSection(ProjectConfigurationPlatforms) = postSolution
		{B98D8BE2-F1E3-43B2-4FAC-1B1CAA4C1049}.Debug|Any CPU.ActiveCfg = Debug|Any CPU
		{B98D8BE2-F1E3-43B2-4FAC-1B1CAA4C1049}.Debug|Any CPU.Build.0 = Debug|Any CPU
		{B98D8BE2-F1E3-43B2-4FAC-1B1CAA4C1049}.Release|Any CPU.ActiveCfg = Release|Any CPU
		{B98D8BE2-F1E3-43B2-4FAC-1B1CAA4C1049}.Release|Any CPU.Build.0 = Release|Any CPU
		{F8CD6123-864F-1C78-3774-B779538266F8}.Debug|Any CPU.ActiveCfg = Debug|Any CPU
		{F8CD6123-864F-1C78-3774-B779538266F8}.Debug|Any CPU.Build.0 = Debug|Any CPU
		{F8CD6123-864F-1C78-3774-B779538266F8}.Release|Any CPU.ActiveCfg = Release|Any CPU
		{F8CD6123-864F-1C78-3774-B779538266F8}.Release|Any CPU.Build.0 = Release|Any CPU
		{0DA7DD69-4507-5398-17AC-45DA223093B2}.Debug|Any CPU.ActiveCfg = Debug|Any CPU
		{0DA7DD69-4507-5398-17AC-45DA223093B2}.Debug|Any CPU.Build.0 = Debug|Any CPU
		{0DA7DD69-4507-5398-17AC-45DA223093B2}.Release|Any CPU.ActiveCfg = Release|Any CPU
		{0DA7DD69-4507-5398-17AC-45DA223093B2}.Release|Any CPU.Build.0 = Release|Any CPU
		{18375FC9-7571-F468-2661-03D484B5A563}.Debug|Any CPU.ActiveCfg = Debug|Any CPU
		{18375FC9-7571-F468-2661-03D484B5A563}.Debug|Any CPU.Build.0 = Debug|Any CPU
		{18375FC9-7571-F468-2661-03D484B5A563}.Release|Any CPU.ActiveCfg = Release|Any CPU
		{18375FC9-7571-F468-2661-03D484B5A563}.Release|Any CPU.Build.0 = Release|Any CPU
	EndGlobalSection
	GlobalSection(SolutionProperties) = preSolution
		HideSolutionNode = FALSE
	EndGlobalSection
	GlobalSection(MonoDevelopProperties) = preSolution
		StartupItem = Assembly-CSharp.csproj
	EndGlobalSection
EndGlobal
